
Microsoft Visual Studio Solution File, Format Version 12.00
# Visual Studio Version 16
VisualStudioVersion = 16.0.31702.278
MinimumVisualStudioVersion = 10.0.40219.1
Project("{FAE04EC0-301F-11D3-BF4B-00C04F79EFBC}") = "ProjectOption", "ProjectOption\ProjectOption.csproj", "{68B07DC6-1D92-4DF7-8FF9-CCA3D5D76AB0}"
EndProject
Global
	GlobalSection(SolutionConfigurationPlatforms) = preSolution
		Debug|Any CPU = Debug|Any CPU
		Release|Any CPU = Release|Any CPU
	EndGlobalSection
	GlobalSection(ProjectConfigurationPlatforms) = postSolution
		{68B07DC6-1D92-4DF7-8FF9-CCA3D5D76AB0}.Debug|Any CPU.ActiveCfg = Debug|Any CPU
		{68B07DC6-1D92-4DF7-8FF9-CCA3D5D76AB0}.Debug|Any CPU.Build.0 = Debug|Any CPU
		{68B07DC6-1D92-4DF7-8FF9-CCA3D5D76AB0}.Release|Any CPU.ActiveCfg = Release|Any CPU
		{68B07DC6-1D92-4DF7-8FF9-CCA3D5D76AB0}.Release|Any CPU.Build.0 = Release|Any CPU
	EndGlobalSection
	GlobalSection(SolutionProperties) = preSolution
		HideSolutionNode = FALSE
	EndGlobalSection
	GlobalSection(ExtensibilityGlobals) = postSolution
		SolutionGuid = {AF9D1AA5-2E2F-492B-A19B-BFF2C7633ED6}
	EndGlobalSection
EndGlobal
